{
    "_readme": [
        "This file locks the dependencies of your project to a known state",
        "Read more about it at http://getcomposer.org/doc/01-basic-usage.md#composer-lock-the-lock-file",
        "This file is @generated automatically"
    ],
    "hash": "00b466b2559c0eba474c60bd0b7f040c",
    "packages": [
        {
            "name": "voceconnect/voce-settings-api",
            "version": "0.4.9",
            "source": {
                "type": "git",
                "url": "https://github.com/voceconnect/voce-settings-api.git",
                "reference": "9e9ef75e558a8b296aca32175298eca2da94d62d"
            },
            "dist": {
                "type": "zip",
                "url": "https://api.github.com/repos/voceconnect/voce-settings-api/zipball/9e9ef75e558a8b296aca32175298eca2da94d62d",
                "reference": "9e9ef75e558a8b296aca32175298eca2da94d62d",
                "shasum": ""
            },
            "type": "library",
            "autoload": {
                "files": [
                    "voce-settings-api.php"
                ]
            },
            "notification-url": "https://packagist.org/downloads/",
            "license": [
                "GPLv2+"
            ],
            "authors": [
                {
                    "name": "Michael Pretty",
                    "email": "mpretty@voceconnect.com"
                }
            ],
            "description": "A simplification of the core WordPress settings API",
            "time": "2014-08-05 21:43:57"
        }
    ],
    "packages-dev": [],
    "aliases": [],
    "minimum-stability": "stable",
    "stability-flags": [],
    "prefer-stable": false,
    "platform": [],
    "platform-dev": []
}
